
Microsoft Visual Studio Solution File, Format Version 12.00
# Visual Studio Version 17
VisualStudioVersion = 17.0.31903.59
MinimumVisualStudioVersion = 10.0.40219.1
Project("{FAE04EC0-301F-11D3-BF4B-00C04F79EFBC}") = "StardojoMod", "StardojoMod.csproj", "{10848F53-83A3-4015-A982-6456D58D5894}"
EndProject
Global
	GlobalSection(SolutionConfigurationPlatforms) = preSolution
		Debug|Any CPU = Debug|Any CPU
		Release|Any CPU = Release|Any CPU
	EndGlobalSection
	GlobalSection(SolutionProperties) = preSolution
		HideSolutionNode = FALSE
	EndGlobalSection
	GlobalSection(ProjectConfigurationPlatforms) = postSolution
		{10848F53-83A3-4015-A982-6456D58D5894}.Debug|Any CPU.ActiveCfg = Debug|Any CPU
		{10848F53-83A3-4015-A982-6456D58D5894}.Debug|Any CPU.Build.0 = Debug|Any CPU
		{10848F53-83A3-4015-A982-6456D58D5894}.Release|Any CPU.ActiveCfg = Release|Any CPU
		{10848F53-83A3-4015-A982-6456D58D5894}.Release|Any CPU.Build.0 = Release|Any CPU
	EndGlobalSection
EndGlobal
